{
  "version": 4,
  "terraform_version": "1.3.6",
  "serial": 1,
  "lineage": "0a579ae4-7a72-5d40-0b2a-a743ed9d3d39",
  "outputs": {},
  "resources": [
    {
      "mode": "managed",
      "type": "aws_ssm_parameter",
      "name": "foo",
      "provider": "provider[\"registry.terraform.io/hashicorp/aws\"]",
      "instances": [
        {
          "schema_version": 0,
          "attributes": {
            "allowed_pattern": "",
            "arn": "arn:aws:ssm:us-west-1:851725446567:parameter/foo",
            "data_type": "text",
            "description": "",
            "id": "foo",
            "insecure_value": null,
            "key_id": "",
            "name": "foo",
            "overwrite": null,
            "tags": null,
            "tags_all": {},
            "tier": "Standard",
            "type": "String",
            "value": "bar",
            "version": 1
          },
          "sensitive_attributes": [],
          "private": "bnVsbA=="
        }
      ]
    }
  ],
  "check_results": null
}
